
Microsoft Visual Studio Solution File, Format Version 12.00
# Visual Studio Version 16
VisualStudioVersion = 16.0.30621.155
MinimumVisualStudioVersion = 10.0.40219.1
Project("{FAE04EC0-301F-11D3-BF4B-00C04F79EFBC}") = "WpfApp5", "WpfApp5\WpfApp5.csproj", "{11565307-30F5-4636-9E40-A520E31740D0}"
EndProject
Global
	GlobalSection(SolutionConfigurationPlatforms) = preSolution
		Debug|Any CPU = Debug|Any CPU
		Release|Any CPU = Release|Any CPU
	EndGlobalSection
	GlobalSection(ProjectConfigurationPlatforms) = postSolution
		{11565307-30F5-4636-9E40-A520E31740D0}.Debug|Any CPU.ActiveCfg = Debug|Any CPU
		{11565307-30F5-4636-9E40-A520E31740D0}.Debug|Any CPU.Build.0 = Debug|Any CPU
		{11565307-30F5-4636-9E40-A520E31740D0}.Release|Any CPU.ActiveCfg = Release|Any CPU
		{11565307-30F5-4636-9E40-A520E31740D0}.Release|Any CPU.Build.0 = Release|Any CPU
	EndGlobalSection
	GlobalSection(SolutionProperties) = preSolution
		HideSolutionNode = FALSE
	EndGlobalSection
	GlobalSection(ExtensibilityGlobals) = postSolution
		SolutionGuid = {D9B201A1-F363-4F50-841D-A7DA87E9E1CE}
	EndGlobalSection
EndGlobal
